
Microsoft Visual Studio Solution File, Format Version 11.00
# Visual Studio 2010
Project("{8BC9CEB8-8B4A-11D0-8D11-00A0C91BC942}") = "tapetool", "tapetool\tapetool.vcxproj", "{B13F1938-E4D8-4FFE-8C29-D1CCE89B425F}"
EndProject
Global
	GlobalSection(SolutionConfigurationPlatforms) = preSolution
		Debug|Win32 = Debug|Win32
		Release|Win32 = Release|Win32
	EndGlobalSection
	GlobalSection(ProjectConfigurationPlatforms) = postSolution
		{B13F1938-E4D8-4FFE-8C29-D1CCE89B425F}.Debug|Win32.ActiveCfg = Debug|Win32
		{B13F1938-E4D8-4FFE-8C29-D1CCE89B425F}.Debug|Win32.Build.0 = Debug|Win32
		{B13F1938-E4D8-4FFE-8C29-D1CCE89B425F}.Release|Win32.ActiveCfg = Release|Win32
		{B13F1938-E4D8-4FFE-8C29-D1CCE89B425F}.Release|Win32.Build.0 = Release|Win32
	EndGlobalSection
	GlobalSection(SolutionProperties) = preSolution
		HideSolutionNode = FALSE
	EndGlobalSection
EndGlobal
